
Microsoft Visual Studio Solution File, Format Version 12.00
# Visual Studio Version 17
VisualStudioVersion = 17.4.33213.308
MinimumVisualStudioVersion = 10.0.40219.1
Project("{FAE04EC0-301F-11D3-BF4B-00C04F79EFBC}") = "tipo_referencia", "tipo_referencia\tipo_referencia.csproj", "{FED41D8B-7562-4D94-980E-D26D93BC586A}"
EndProject
Global
	GlobalSection(SolutionConfigurationPlatforms) = preSolution
		Debug|Any CPU = Debug|Any CPU
		Release|Any CPU = Release|Any CPU
	EndGlobalSection
	GlobalSection(ProjectConfigurationPlatforms) = postSolution
		{FED41D8B-7562-4D94-980E-D26D93BC586A}.Debug|Any CPU.ActiveCfg = Debug|Any CPU
		{FED41D8B-7562-4D94-980E-D26D93BC586A}.Debug|Any CPU.Build.0 = Debug|Any CPU
		{FED41D8B-7562-4D94-980E-D26D93BC586A}.Release|Any CPU.ActiveCfg = Release|Any CPU
		{FED41D8B-7562-4D94-980E-D26D93BC586A}.Release|Any CPU.Build.0 = Release|Any CPU
	EndGlobalSection
	GlobalSection(SolutionProperties) = preSolution
		HideSolutionNode = FALSE
	EndGlobalSection
	GlobalSection(ExtensibilityGlobals) = postSolution
		SolutionGuid = {AF7FCC49-05EB-49A6-9D13-4F0D20FD006F}
	EndGlobalSection
EndGlobal
